
Microsoft Visual Studio Solution File, Format Version 12.00
# Visual Studio Version 16
VisualStudioVersion = 16.0.30114.105
MinimumVisualStudioVersion = 10.0.40219.1
Project("{2150E333-8FDC-42A3-9474-1A3956D46DE8}") = "src", "src", "{F21EDF68-733C-4F0F-ADEF-9597C9E29665}"
EndProject
Project("{F2A71F9B-5D33-465A-A702-920D77279786}") = "FSharp.Object.Diff", "src\FSharp.Object.Diff\FSharp.Object.Diff.fsproj", "{18AB6DFB-1C40-4F89-9B3A-C8F4EC4FEFC7}"
EndProject
Project("{2150E333-8FDC-42A3-9474-1A3956D46DE8}") = "tests", "tests", "{5A28AC8B-38F5-4E6F-AD66-8BE8AE74C6AF}"
EndProject
Project("{F2A71F9B-5D33-465A-A702-920D77279786}") = "FSharp.Object.Diff.Tests", "tests\FSharp.Object.Diff.Tests\FSharp.Object.Diff.Tests.fsproj", "{5AD7C441-15E3-4211-BC14-BF23E13153C0}"
EndProject
Project("{2150E333-8FDC-42A3-9474-1A3956D46DE8}") = "examples", "examples", "{A938042C-240C-48C9-A35E-3AEC4E82893E}"
EndProject
Project("{6EC3EE1D-3C4E-46DD-8F32-0CC8E7565705}") = "Examples", "examples\Examples\Examples.fsproj", "{C90148BD-6ADC-4A33-9406-65B61D6C8A0B}"
EndProject
Global
	GlobalSection(SolutionConfigurationPlatforms) = preSolution
		Debug|Any CPU = Debug|Any CPU
		Release|Any CPU = Release|Any CPU
	EndGlobalSection
	GlobalSection(SolutionProperties) = preSolution
		HideSolutionNode = FALSE
	EndGlobalSection
	GlobalSection(ProjectConfigurationPlatforms) = postSolution
		{18AB6DFB-1C40-4F89-9B3A-C8F4EC4FEFC7}.Debug|Any CPU.ActiveCfg = Debug|Any CPU
		{18AB6DFB-1C40-4F89-9B3A-C8F4EC4FEFC7}.Debug|Any CPU.Build.0 = Debug|Any CPU
		{18AB6DFB-1C40-4F89-9B3A-C8F4EC4FEFC7}.Release|Any CPU.ActiveCfg = Release|Any CPU
		{18AB6DFB-1C40-4F89-9B3A-C8F4EC4FEFC7}.Release|Any CPU.Build.0 = Release|Any CPU
		{5AD7C441-15E3-4211-BC14-BF23E13153C0}.Debug|Any CPU.ActiveCfg = Debug|Any CPU
		{5AD7C441-15E3-4211-BC14-BF23E13153C0}.Debug|Any CPU.Build.0 = Debug|Any CPU
		{5AD7C441-15E3-4211-BC14-BF23E13153C0}.Release|Any CPU.ActiveCfg = Release|Any CPU
		{5AD7C441-15E3-4211-BC14-BF23E13153C0}.Release|Any CPU.Build.0 = Release|Any CPU
		{C90148BD-6ADC-4A33-9406-65B61D6C8A0B}.Debug|Any CPU.ActiveCfg = Debug|Any CPU
		{C90148BD-6ADC-4A33-9406-65B61D6C8A0B}.Debug|Any CPU.Build.0 = Debug|Any CPU
		{C90148BD-6ADC-4A33-9406-65B61D6C8A0B}.Release|Any CPU.ActiveCfg = Release|Any CPU
		{C90148BD-6ADC-4A33-9406-65B61D6C8A0B}.Release|Any CPU.Build.0 = Release|Any CPU
	EndGlobalSection
	GlobalSection(NestedProjects) = preSolution
		{18AB6DFB-1C40-4F89-9B3A-C8F4EC4FEFC7} = {F21EDF68-733C-4F0F-ADEF-9597C9E29665}
		{5AD7C441-15E3-4211-BC14-BF23E13153C0} = {5A28AC8B-38F5-4E6F-AD66-8BE8AE74C6AF}
		{C90148BD-6ADC-4A33-9406-65B61D6C8A0B} = {A938042C-240C-48C9-A35E-3AEC4E82893E}
	EndGlobalSection
EndGlobal
